<?xml version="1.0" encoding="utf-8"?>
<Project ToolsVersion="4.0" xmlns="http://schemas.microsoft.com/developer/msbuild/2003">
  <ItemGroup>
    <ClCompile Include="src\Architecture\Application.cpp" />
    <ClCompile Include="src\EventSystem\EventSDL.cpp" />
    <ClCompile Include="src\LayerSystem\LayerStack.cpp" />
    <ClCompile Include="src\LayerSystem\Layers\LayerEditor.cpp" />
    <ClCompile Include="src\LayerSystem\Layers\LayerUI.cpp" />
    <ClCompile Include="src\Window\Window.cpp" />
    <ClCompile Include="src\third-party\ImGuiRenderer.cpp" />
    <ClCompile Include="src\third-party\imgui_impl_sdlrenderer2.cpp" />
  </ItemGroup>
  <ItemGroup>
    <ClInclude Include="src\Architecture\Application.h" />
    <ClInclude Include="src\Architecture\Macros.h" />
    <ClInclude Include="src\Architecture\main.h" />
    <ClInclude Include="src\EngineIncludes.h" />
    <ClInclude Include="src\EventSystem\Event.h" />
    <ClInclude Include="src\EventSystem\EventSDL.h" />
    <ClInclude Include="src\LayerSystem\Layer.h" />
    <ClInclude Include="src\LayerSystem\LayerStack.h" />
    <ClInclude Include="src\LayerSystem\Layers\LayerEditor.h" />
    <ClInclude Include="src\Maf\MafUtils.h" />
    <ClInclude Include="src\LayerSystem\Layers\LayerUI.h" />
    <ClInclude Include="src\UI\UI.h" />
    <ClInclude Include="src\Window\Window.h" />
    <ClInclude Include="src\third-party\ImGuiRenderer.h" />
    <ClInclude Include="src\third-party\imgui_impl_sdlrenderer2.h" />
    <ClInclude Include="VectorMag.h" />
  </ItemGroup>
</Project>